{
  "requires": true,
  "lockfileVersion": 1,
  "dependencies": {
    "zol-class-names": {
      "version": "1.0.5",
      "resolved": "https://registry.npmjs.org/zol-class-names/-/zol-class-names-1.0.5.tgz",
      "integrity": "sha512-2bBRd0fhFcbtA8kMCP76JAPcElPp8hoRMNfe4/O/h1ZIoNoK0J55lLmM/GTDA/MEe/qaBAQGkbzGNSfuk6goIw=="
    }
  }
}
